github.com/google/go-cmp v0.5.6 h1:6fLERc7Zg3QWHJwyNE/K+Jxijgb7WV9gkBo3cIJRR4o=
github.com/google/go-cmp v0.5.6/go.mod h1:4ca5v+sY9Rle5Yjhaa3vPzU0uii1begPvuwe9/C+wZQ=
golang.org/x/xerrors v0.0.0-20220309165113-1a77d5e9f316 h1:hQRKFiaPTyBnkU/DfjrVL3xj01A0O5gzo9KPDRw5/DQ=
golang.org/x/xerrors v0.0.0-20220309165113-1a77d5e9f316/go.mod h1:I/5z698sn9Ka8TeJc9MKroUUfqBBauWjQqLJ2OPfmY0=
